// !$*UTF8*$!
{
	archiveVersion = 1;
	classes = {
	};
	objectVersion = 48;
	objects = {

/* Begin PBXBuildFile section */
		6D8E3CB12181F64200BA60C1 /* AppDelegate.swift in Sources */ = {isa = PBXBuildFile; fileRef = 6D8E3CB02181F64200BA60C1 /* AppDelegate.swift */; };
		6D8E3CB62181F64200BA60C1 /* Main.storyboard in Resources */ = {isa = PBXBuildFile; fileRef = 6D8E3CB42181F64200BA60C1 /* Main.storyboard */; settings = {ASSET_TAGS = (2, ); }; };
		6D8E3CB82181F64200BA60C1 /* Assets.xcassets in Resources */ = {isa = PBXBuildFile; fileRef = 6D8E3CB72181F64200BA60C1 /* Assets.xcassets */; };
		6D8E3CBB2181F64200BA60C1 /* LaunchScreen.storyboard in Resources */ = {isa = PBXBuildFile; fileRef = 6D8E3CB92181F64200BA60C1 /* LaunchScreen.storyboard */; };
		6D8E3CC3218204BA00BA60C1 /* TableProteinVC.swift in Sources */ = {isa = PBXBuildFile; fileRef = 6D8E3CC2218204BA00BA60C1 /* TableProteinVC.swift */; };
		6D8E3CC52182070900BA60C1 /* LoginViewController.swift in Sources */ = {isa = PBXBuildFile; fileRef = 6D8E3CC42182070900BA60C1 /* LoginViewController.swift */; };
		6D9878B32184DEB3006A164D /* PopupViewController.swift in Sources */ = {isa = PBXBuildFile; fileRef = 6D9878B22184DEB3006A164D /* PopupViewController.swift */; };
		6DD93AF421838C7100F5E3CC /* ProteinTableViewCell.swift in Sources */ = {isa = PBXBuildFile; fileRef = 6DD93AF321838C7100F5E3CC /* ProteinTableViewCell.swift */; };
		A862A43E21847C12005E4DD9 /* Ligands.swift in Sources */ = {isa = PBXBuildFile; fileRef = A862A43D21847C12005E4DD9 /* Ligands.swift */; };
		A862A44021847CCA005E4DD9 /* ModelViewController.swift in Sources */ = {isa = PBXBuildFile; fileRef = A862A43F21847CCA005E4DD9 /* ModelViewController.swift */; };
		A86B5F1C2184804B00C7E584 /* Reader.swift in Sources */ = {isa = PBXBuildFile; fileRef = A86B5F1B2184804B00C7E584 /* Reader.swift */; };
		A86B5F1E218496D200C7E584 /* ligands.txt in Resources */ = {isa = PBXBuildFile; fileRef = A86B5F1D218496D200C7E584 /* ligands.txt */; };
/* End PBXBuildFile section */

/* Begin PBXFileReference section */
		6D8E3CAD2181F64200BA60C1 /* Swifty_Proteins.app */ = {isa = PBXFileReference; explicitFileType = wrapper.application; includeInIndex = 0; path = Swifty_Proteins.app; sourceTree = BUILT_PRODUCTS_DIR; };
		6D8E3CB02181F64200BA60C1 /* AppDelegate.swift */ = {isa = PBXFileReference; lastKnownFileType = sourcecode.swift; path = AppDelegate.swift; sourceTree = "<group>"; };
		6D8E3CB52181F64200BA60C1 /* Base */ = {isa = PBXFileReference; lastKnownFileType = file.storyboard; name = Base; path = Base.lproj/Main.storyboard; sourceTree = "<group>"; };
		6D8E3CB72181F64200BA60C1 /* Assets.xcassets */ = {isa = PBXFileReference; lastKnownFileType = folder.assetcatalog; path = Assets.xcassets; sourceTree = "<group>"; };
		6D8E3CBA2181F64200BA60C1 /* Base */ = {isa = PBXFileReference; lastKnownFileType = file.storyboard; name = Base; path = Base.lproj/LaunchScreen.storyboard; sourceTree = "<group>"; };
		6D8E3CBC2181F64200BA60C1 /* Info.plist */ = {isa = PBXFileReference; lastKnownFileType = text.plist.xml; path = Info.plist; sourceTree = "<group>"; };
		6D8E3CC2218204BA00BA60C1 /* TableProteinVC.swift */ = {isa = PBXFileReference; lastKnownFileType = sourcecode.swift; name = TableProteinVC.swift; path = Swifty_Proteins/Controller/TableProteinVC.swift; sourceTree = SOURCE_ROOT; };
		6D8E3CC42182070900BA60C1 /* LoginViewController.swift */ = {isa = PBXFileReference; lastKnownFileType = sourcecode.swift; path = LoginViewController.swift; sourceTree = "<group>"; };
		6D9878B22184DEB3006A164D /* PopupViewController.swift */ = {isa = PBXFileReference; lastKnownFileType = sourcecode.swift; path = PopupViewController.swift; sourceTree = "<group>"; };
		6DD93AF321838C7100F5E3CC /* ProteinTableViewCell.swift */ = {isa = PBXFileReference; lastKnownFileType = sourcecode.swift; path = ProteinTableViewCell.swift; sourceTree = "<group>"; };
		A862A43D21847C12005E4DD9 /* Ligands.swift */ = {isa = PBXFileReference; lastKnownFileType = sourcecode.swift; path = Ligands.swift; sourceTree = "<group>"; };
		A862A43F21847CCA005E4DD9 /* ModelViewController.swift */ = {isa = PBXFileReference; lastKnownFileType = sourcecode.swift; path = ModelViewController.swift; sourceTree = "<group>"; };
		A86B5F1B2184804B00C7E584 /* Reader.swift */ = {isa = PBXFileReference; lastKnownFileType = sourcecode.swift; path = Reader.swift; sourceTree = "<group>"; };
		A86B5F1D218496D200C7E584 /* ligands.txt */ = {isa = PBXFileReference; fileEncoding = 4; lastKnownFileType = text; path = ligands.txt; sourceTree = "<group>"; };
/* End PBXFileReference section */

/* Begin PBXFrameworksBuildPhase section */
		6D8E3CAA2181F64200BA60C1 /* Frameworks */ = {
			isa = PBXFrameworksBuildPhase;
			buildActionMask = 2147483647;
			files = (
			);
			runOnlyForDeploymentPostprocessing = 0;
		};
/* End PBXFrameworksBuildPhase section */

/* Begin PBXGroup section */
		6D8E3CA42181F64200BA60C1 = {
			isa = PBXGroup;
			children = (
				6D8E3CAF2181F64200BA60C1 /* Swifty_Proteins */,
				6D8E3CAE2181F64200BA60C1 /* Products */,
			);
			sourceTree = "<group>";
		};
		6D8E3CAE2181F64200BA60C1 /* Products */ = {
			isa = PBXGroup;
			children = (
				6D8E3CAD2181F64200BA60C1 /* Swifty_Proteins.app */,
			);
			name = Products;
			sourceTree = "<group>";
		};
		6D8E3CAF2181F64200BA60C1 /* Swifty_Proteins */ = {
			isa = PBXGroup;
			children = (
				6D8E3CB02181F64200BA60C1 /* AppDelegate.swift */,
				A85D56F12189EA5000866E9F /* Resources */,
				A85D56F02189EA3700866E9F /* Boards */,
				A85D56EF2189EA0900866E9F /* Data */,
				6DE9A9BF2183652400E93C2E /* Controller */,
				6DD93AF521838C8000F5E3CC /* Cell */,
				6D8E3CB72181F64200BA60C1 /* Assets.xcassets */,
				6D8E3CBC2181F64200BA60C1 /* Info.plist */,
			);
			path = Swifty_Proteins;
			sourceTree = "<group>";
		};
		6DD93AF521838C8000F5E3CC /* Cell */ = {
			isa = PBXGroup;
			children = (
				6DD93AF321838C7100F5E3CC /* ProteinTableViewCell.swift */,
			);
			path = Cell;
			sourceTree = "<group>";
		};
		6DE9A9BF2183652400E93C2E /* Controller */ = {
			isa = PBXGroup;
			children = (
				6D9878B22184DEB3006A164D /* PopupViewController.swift */,
				6D8E3CC2218204BA00BA60C1 /* TableProteinVC.swift */,
				6D8E3CC42182070900BA60C1 /* LoginViewController.swift */,
				A862A43F21847CCA005E4DD9 /* ModelViewController.swift */,
			);
			path = Controller;
			sourceTree = "<group>";
		};
		A85D56EF2189EA0900866E9F /* Data */ = {
			isa = PBXGroup;
			children = (
				A862A43D21847C12005E4DD9 /* Ligands.swift */,
				A86B5F1B2184804B00C7E584 /* Reader.swift */,
			);
			path = Data;
			sourceTree = "<group>";
		};
		A85D56F02189EA3700866E9F /* Boards */ = {
			isa = PBXGroup;
			children = (
				6D8E3CB42181F64200BA60C1 /* Main.storyboard */,
				6D8E3CB92181F64200BA60C1 /* LaunchScreen.storyboard */,
			);
			path = Boards;
			sourceTree = "<group>";
		};
		A85D56F12189EA5000866E9F /* Resources */ = {
			isa = PBXGroup;
			children = (
				A86B5F1D218496D200C7E584 /* ligands.txt */,
			);
			path = Resources;
			sourceTree = "<group>";
		};
/* End PBXGroup section */

/* Begin PBXNativeTarget section */
		6D8E3CAC2181F64200BA60C1 /* Swifty_Proteins */ = {
			isa = PBXNativeTarget;
			buildConfigurationList = 6D8E3CBF2181F64200BA60C1 /* Build configuration list for PBXNativeTarget "Swifty_Proteins" */;
			buildPhases = (
				6D8E3CA92181F64200BA60C1 /* Sources */,
				6D8E3CAA2181F64200BA60C1 /* Frameworks */,
				6D8E3CAB2181F64200BA60C1 /* Resources */,
			);
			buildRules = (
			);
			dependencies = (
			);
			name = Swifty_Proteins;
			productName = Swifty_Proteins;
			productReference = 6D8E3CAD2181F64200BA60C1 /* Swifty_Proteins.app */;
			productType = "com.apple.product-type.application";
		};
/* End PBXNativeTarget section */

/* Begin PBXProject section */
		6D8E3CA52181F64200BA60C1 /* Project object */ = {
			isa = PBXProject;
			attributes = {
				KnownAssetTags = (
					1,
					2,
				);
				LastSwiftUpdateCheck = 0920;
				LastUpgradeCheck = 0920;
				ORGANIZATIONNAME = "Ivan SELETSKYI";
				TargetAttributes = {
					6D8E3CAC2181F64200BA60C1 = {
						CreatedOnToolsVersion = 9.2;
						ProvisioningStyle = Automatic;
					};
				};
			};
			buildConfigurationList = 6D8E3CA82181F64200BA60C1 /* Build configuration list for PBXProject "Swifty_Proteins" */;
			compatibilityVersion = "Xcode 8.0";
			developmentRegion = en;
			hasScannedForEncodings = 0;
			knownRegions = (
				en,
				Base,
			);
			mainGroup = 6D8E3CA42181F64200BA60C1;
			productRefGroup = 6D8E3CAE2181F64200BA60C1 /* Products */;
			projectDirPath = "";
			projectRoot = "";
			targets = (
				6D8E3CAC2181F64200BA60C1 /* Swifty_Proteins */,
			);
		};
/* End PBXProject section */

/* Begin PBXResourcesBuildPhase section */
		6D8E3CAB2181F64200BA60C1 /* Resources */ = {
			isa = PBXResourcesBuildPhase;
			buildActionMask = 2147483647;
			files = (
				6D8E3CBB2181F64200BA60C1 /* LaunchScreen.storyboard in Resources */,
				6D8E3CB82181F64200BA60C1 /* Assets.xcassets in Resources */,
				6D8E3CB62181F64200BA60C1 /* Main.storyboard in Resources */,
				A86B5F1E218496D200C7E584 /* ligands.txt in Resources */,
			);
			runOnlyForDeploymentPostprocessing = 0;
		};
/* End PBXResourcesBuildPhase section */

/* Begin PBXSourcesBuildPhase section */
		6D8E3CA92181F64200BA60C1 /* Sources */ = {
			isa = PBXSourcesBuildPhase;
			buildActionMask = 2147483647;
			files = (
				A862A43E21847C12005E4DD9 /* Ligands.swift in Sources */,
				6D8E3CC52182070900BA60C1 /* LoginViewController.swift in Sources */,
				6DD93AF421838C7100F5E3CC /* ProteinTableViewCell.swift in Sources */,
				6D8E3CC3218204BA00BA60C1 /* TableProteinVC.swift in Sources */,
				A862A44021847CCA005E4DD9 /* ModelViewController.swift in Sources */,
				A86B5F1C2184804B00C7E584 /* Reader.swift in Sources */,
				6D8E3CB12181F64200BA60C1 /* AppDelegate.swift in Sources */,
				6D9878B32184DEB3006A164D /* PopupViewController.swift in Sources */,
			);
			runOnlyForDeploymentPostprocessing = 0;
		};
/* End PBXSourcesBuildPhase section */

/* Begin PBXVariantGroup section */
		6D8E3CB42181F64200BA60C1 /* Main.storyboard */ = {
			isa = PBXVariantGroup;
			children = (
				6D8E3CB52181F64200BA60C1 /* Base */,
			);
			name = Main.storyboard;
			sourceTree = "<group>";
		};
		6D8E3CB92181F64200BA60C1 /* LaunchScreen.storyboard */ = {
			isa = PBXVariantGroup;
			children = (
				6D8E3CBA2181F64200BA60C1 /* Base */,
			);
			name = LaunchScreen.storyboard;
			sourceTree = "<group>";
		};
/* End PBXVariantGroup section */

/* Begin XCBuildConfiguration section */
		6D8E3CBD2181F64200BA60C1 /* Debug */ = {
			isa = XCBuildConfiguration;
			buildSettings = {
				ALWAYS_SEARCH_USER_PATHS = NO;
				CLANG_ANALYZER_NONNULL = YES;
				CLANG_ANALYZER_NUMBER_OBJECT_CONVERSION = YES_AGGRESSIVE;
				CLANG_CXX_LANGUAGE_STANDARD = "gnu++14";
				CLANG_CXX_LIBRARY = "libc++";
				CLANG_ENABLE_MODULES = YES;
				CLANG_ENABLE_OBJC_ARC = YES;
				CLANG_WARN_BLOCK_CAPTURE_AUTORELEASING = YES;
				CLANG_WARN_BOOL_CONVERSION = YES;
				CLANG_WARN_COMMA = YES;
				CLANG_WARN_CONSTANT_CONVERSION = YES;
				CLANG_WARN_DIRECT_OBJC_ISA_USAGE = YES_ERROR;
				CLANG_WARN_DOCUMENTATION_COMMENTS = YES;
				CLANG_WARN_EMPTY_BODY = YES;
				CLANG_WARN_ENUM_CONVERSION = YES;
				CLANG_WARN_INFINITE_RECURSION = YES;
				CLANG_WARN_INT_CONVERSION = YES;
				CLANG_WARN_NON_LITERAL_NULL_CONVERSION = YES;
				CLANG_WARN_OBJC_LITERAL_CONVERSION = YES;
				CLANG_WARN_OBJC_ROOT_CLASS = YES_ERROR;
				CLANG_WARN_RANGE_LOOP_ANALYSIS = YES;
				CLANG_WARN_STRICT_PROTOTYPES = YES;
				CLANG_WARN_SUSPICIOUS_MOVE = YES;
				CLANG_WARN_UNGUARDED_AVAILABILITY = YES_AGGRESSIVE;
				CLANG_WARN_UNREACHABLE_CODE = YES;
				CLANG_WARN__DUPLICATE_METHOD_MATCH = YES;
				CODE_SIGN_IDENTITY = "iPhone Developer";
				COPY_PHASE_STRIP = NO;
				DEBUG_INFORMATION_FORMAT = dwarf;
				ENABLE_STRICT_OBJC_MSGSEND = YES;
				ENABLE_TESTABILITY = YES;
				GCC_C_LANGUAGE_STANDARD = gnu11;
				GCC_DYNAMIC_NO_PIC = NO;
				GCC_NO_COMMON_BLOCKS = YES;
				GCC_OPTIMIZATION_LEVEL = 0;
				GCC_PREPROCESSOR_DEFINITIONS = (
					"DEBUG=1",
					"$(inherited)",
				);
				GCC_WARN_64_TO_32_BIT_CONVERSION = YES;
				GCC_WARN_ABOUT_RETURN_TYPE = YES_ERROR;
				GCC_WARN_UNDECLARED_SELECTOR = YES;
				GCC_WARN_UNINITIALIZED_AUTOS = YES_AGGRESSIVE;
				GCC_WARN_UNUSED_FUNCTION = YES;
				GCC_WARN_UNUSED_VARIABLE = YES;
				IPHONEOS_DEPLOYMENT_TARGET = 11.2;
				MTL_ENABLE_DEBUG_INFO = YES;
				ONLY_ACTIVE_ARCH = YES;
				SDKROOT = iphoneos;
				SWIFT_ACTIVE_COMPILATION_CONDITIONS = DEBUG;
				SWIFT_OPTIMIZATION_LEVEL = "-Onone";
			};
			name = Debug;
		};
		6D8E3CBE2181F64200BA60C1 /* Release */ = {
			isa = XCBuildConfiguration;
			buildSettings = {
				ALWAYS_SEARCH_USER_PATHS = NO;
				CLANG_ANALYZER_NONNULL = YES;
				CLANG_ANALYZER_NUMBER_OBJECT_CONVERSION = YES_AGGRESSIVE;
				CLANG_CXX_LANGUAGE_STANDARD = "gnu++14";
				CLANG_CXX_LIBRARY = "libc++";
				CLANG_ENABLE_MODULES = YES;
				CLANG_ENABLE_OBJC_ARC = YES;
				CLANG_WARN_BLOCK_CAPTURE_AUTORELEASING = YES;
				CLANG_WARN_BOOL_CONVERSION = YES;
				CLANG_WARN_COMMA = YES;
				CLANG_WARN_CONSTANT_CONVERSION = YES;
				CLANG_WARN_DIRECT_OBJC_ISA_USAGE = YES_ERROR;
				CLANG_WARN_DOCUMENTATION_COMMENTS = YES;
				CLANG_WARN_EMPTY_BODY = YES;
				CLANG_WARN_ENUM_CONVERSION = YES;
				CLANG_WARN_INFINITE_RECURSION = YES;
				CLANG_WARN_INT_CONVERSION = YES;
				CLANG_WARN_NON_LITERAL_NULL_CONVERSION = YES;
				CLANG_WARN_OBJC_LITERAL_CONVERSION = YES;
				CLANG_WARN_OBJC_ROOT_CLASS = YES_ERROR;
				CLANG_WARN_RANGE_LOOP_ANALYSIS = YES;
				CLANG_WARN_STRICT_PROTOTYPES = YES;
				CLANG_WARN_SUSPICIOUS_MOVE = YES;
				CLANG_WARN_UNGUARDED_AVAILABILITY = YES_AGGRESSIVE;
				CLANG_WARN_UNREACHABLE_CODE = YES;
				CLANG_WARN__DUPLICATE_METHOD_MATCH = YES;
				CODE_SIGN_IDENTITY = "iPhone Developer";
				COPY_PHASE_STRIP = NO;
				DEBUG_INFORMATION_FORMAT = "dwarf-with-dsym";
				ENABLE_NS_ASSERTIONS = NO;
				ENABLE_STRICT_OBJC_MSGSEND = YES;
				GCC_C_LANGUAGE_STANDARD = gnu11;
				GCC_NO_COMMON_BLOCKS = YES;
				GCC_WARN_64_TO_32_BIT_CONVERSION = YES;
				GCC_WARN_ABOUT_RETURN_TYPE = YES_ERROR;
				GCC_WARN_UNDECLARED_SELECTOR = YES;
				GCC_WARN_UNINITIALIZED_AUTOS = YES_AGGRESSIVE;
				GCC_WARN_UNUSED_FUNCTION = YES;
				GCC_WARN_UNUSED_VARIABLE = YES;
				IPHONEOS_DEPLOYMENT_TARGET = 11.2;
				MTL_ENABLE_DEBUG_INFO = NO;
				SDKROOT = iphoneos;
				SWIFT_OPTIMIZATION_LEVEL = "-Owholemodule";
				VALIDATE_PRODUCT = YES;
			};
			name = Release;
		};
		6D8E3CC02181F64200BA60C1 /* Debug */ = {
			isa = XCBuildConfiguration;
			buildSettings = {
				ALWAYS_EMBED_SWIFT_STANDARD_LIBRARIES = YES;
				ASSETCATALOG_COMPILER_APPICON_NAME = AppIcon;
				CODE_SIGN_STYLE = Automatic;
				DEVELOPMENT_TEAM = 6Y8AFKPKPS;
				INFOPLIST_FILE = Swifty_Proteins/Info.plist;
				IPHONEOS_DEPLOYMENT_TARGET = 11.0;
				LD_RUNPATH_SEARCH_PATHS = "$(inherited) @executable_path/Frameworks";
				PRODUCT_BUNDLE_IDENTIFIER = "sperkhun-iseletsk.SwiftyProteins";
				PRODUCT_NAME = "$(TARGET_NAME)";
				SWIFT_VERSION = 4.0;
				TARGETED_DEVICE_FAMILY = "1,2";
			};
			name = Debug;
		};
		6D8E3CC12181F64200BA60C1 /* Release */ = {
			isa = XCBuildConfiguration;
			buildSettings = {
				ALWAYS_EMBED_SWIFT_STANDARD_LIBRARIES = YES;
				ASSETCATALOG_COMPILER_APPICON_NAME = AppIcon;
				CODE_SIGN_STYLE = Automatic;
				DEVELOPMENT_TEAM = 6Y8AFKPKPS;
				INFOPLIST_FILE = Swifty_Proteins/Info.plist;
				IPHONEOS_DEPLOYMENT_TARGET = 11.0;
				LD_RUNPATH_SEARCH_PATHS = "$(inherited) @executable_path/Frameworks";
				PRODUCT_BUNDLE_IDENTIFIER = "sperkhun-iseletsk.SwiftyProteins";
				PRODUCT_NAME = "$(TARGET_NAME)";
				SWIFT_VERSION = 4.0;
				TARGETED_DEVICE_FAMILY = "1,2";
			};
			name = Release;
		};
/* End XCBuildConfiguration section */

/* Begin XCConfigurationList section */
		6D8E3CA82181F64200BA60C1 /* Build configuration list for PBXProject "Swifty_Proteins" */ = {
			isa = XCConfigurationList;
			buildConfigurations = (
				6D8E3CBD2181F64200BA60C1 /* Debug */,
				6D8E3CBE2181F64200BA60C1 /* Release */,
			);
			defaultConfigurationIsVisible = 0;
			defaultConfigurationName = Release;
		};
		6D8E3CBF2181F64200BA60C1 /* Build configuration list for PBXNativeTarget "Swifty_Proteins" */ = {
			isa = XCConfigurationList;
			buildConfigurations = (
				6D8E3CC02181F64200BA60C1 /* Debug */,
				6D8E3CC12181F64200BA60C1 /* Release */,
			);
			defaultConfigurationIsVisible = 0;
			defaultConfigurationName = Release;
		};
/* End XCConfigurationList section */
	};
	rootObject = 6D8E3CA52181F64200BA60C1 /* Project object */;
}
